
Microsoft Visual Studio Solution File, Format Version 12.00
# Visual Studio 14
VisualStudioVersion = 14.0.25420.1
MinimumVisualStudioVersion = 10.0.40219.1
Project("{FAE04EC0-301F-11D3-BF4B-00C04F79EFBC}") = "FIISA", "FIISA\FIISA.csproj", "{5E604E79-824E-47D3-844B-833FD48030DF}"
EndProject
Project("{FAE04EC0-301F-11D3-BF4B-00C04F79EFBC}") = "WSForum", "WSForum\WSForum.csproj", "{F663A5EA-4EBB-4458-BC8E-7B898A0E4F54}"
EndProject
Project("{FAE04EC0-301F-11D3-BF4B-00C04F79EFBC}") = "ConsumeWSRest", "ConsumeWSRest\ConsumeWSRest.csproj", "{40415DC9-6833-4C59-B885-D39530B8BE13}"
EndProject
Project("{FAE04EC0-301F-11D3-BF4B-00C04F79EFBC}") = "ConsoleTestWSForum", "ConsoleTestWSForum\ConsoleTestWSForum.csproj", "{7CC48EF2-43D0-4F56-B5BE-8C612CEF10AE}"
EndProject
Project("{FAE04EC0-301F-11D3-BF4B-00C04F79EFBC}") = "DLLForum", "DLLForum\DLLForum.csproj", "{29E3FB3C-3DD3-4E6A-AD6A-6F9F74F3B082}"
EndProject
Project("{FAE04EC0-301F-11D3-BF4B-00C04F79EFBC}") = "Common", "Common\Common.csproj", "{9DA87557-2B8A-4DB7-881E-17CACD5B9660}"
EndProject
Project("{FAE04EC0-301F-11D3-BF4B-00C04F79EFBC}") = "DALForum", "DALForum\DALForum.csproj", "{A103CCEF-24F4-4BE2-820B-87FBAA9DEE7F}"
EndProject
Project("{FAE04EC0-301F-11D3-BF4B-00C04F79EFBC}") = "DLLAuth", "DLLAuth\DLLAuth.csproj", "{AFCB26AC-C0E0-4574-82E9-05E1776275E9}"
EndProject
Project("{FAE04EC0-301F-11D3-BF4B-00C04F79EFBC}") = "DALClientWS", "DALClientWS\DALClientWS.csproj", "{23D4C220-5474-437B-A3AC-23DEDB8C96B6}"
EndProject
Global
	GlobalSection(SolutionConfigurationPlatforms) = preSolution
		Debug|Any CPU = Debug|Any CPU
		Release|Any CPU = Release|Any CPU
	EndGlobalSection
	GlobalSection(ProjectConfigurationPlatforms) = postSolution
		{5E604E79-824E-47D3-844B-833FD48030DF}.Debug|Any CPU.ActiveCfg = Debug|Any CPU
		{5E604E79-824E-47D3-844B-833FD48030DF}.Debug|Any CPU.Build.0 = Debug|Any CPU
		{5E604E79-824E-47D3-844B-833FD48030DF}.Release|Any CPU.ActiveCfg = Release|Any CPU
		{5E604E79-824E-47D3-844B-833FD48030DF}.Release|Any CPU.Build.0 = Release|Any CPU
		{F663A5EA-4EBB-4458-BC8E-7B898A0E4F54}.Debug|Any CPU.ActiveCfg = Debug|Any CPU
		{F663A5EA-4EBB-4458-BC8E-7B898A0E4F54}.Debug|Any CPU.Build.0 = Debug|Any CPU
		{F663A5EA-4EBB-4458-BC8E-7B898A0E4F54}.Release|Any CPU.ActiveCfg = Release|Any CPU
		{F663A5EA-4EBB-4458-BC8E-7B898A0E4F54}.Release|Any CPU.Build.0 = Release|Any CPU
		{40415DC9-6833-4C59-B885-D39530B8BE13}.Debug|Any CPU.ActiveCfg = Debug|Any CPU
		{40415DC9-6833-4C59-B885-D39530B8BE13}.Debug|Any CPU.Build.0 = Debug|Any CPU
		{40415DC9-6833-4C59-B885-D39530B8BE13}.Release|Any CPU.ActiveCfg = Release|Any CPU
		{40415DC9-6833-4C59-B885-D39530B8BE13}.Release|Any CPU.Build.0 = Release|Any CPU
		{7CC48EF2-43D0-4F56-B5BE-8C612CEF10AE}.Debug|Any CPU.ActiveCfg = Debug|Any CPU
		{7CC48EF2-43D0-4F56-B5BE-8C612CEF10AE}.Debug|Any CPU.Build.0 = Debug|Any CPU
		{7CC48EF2-43D0-4F56-B5BE-8C612CEF10AE}.Release|Any CPU.ActiveCfg = Release|Any CPU
		{7CC48EF2-43D0-4F56-B5BE-8C612CEF10AE}.Release|Any CPU.Build.0 = Release|Any CPU
		{29E3FB3C-3DD3-4E6A-AD6A-6F9F74F3B082}.Debug|Any CPU.ActiveCfg = Debug|Any CPU
		{29E3FB3C-3DD3-4E6A-AD6A-6F9F74F3B082}.Debug|Any CPU.Build.0 = Debug|Any CPU
		{29E3FB3C-3DD3-4E6A-AD6A-6F9F74F3B082}.Release|Any CPU.ActiveCfg = Release|Any CPU
		{29E3FB3C-3DD3-4E6A-AD6A-6F9F74F3B082}.Release|Any CPU.Build.0 = Release|Any CPU
		{9DA87557-2B8A-4DB7-881E-17CACD5B9660}.Debug|Any CPU.ActiveCfg = Debug|Any CPU
		{9DA87557-2B8A-4DB7-881E-17CACD5B9660}.Debug|Any CPU.Build.0 = Debug|Any CPU
		{9DA87557-2B8A-4DB7-881E-17CACD5B9660}.Release|Any CPU.ActiveCfg = Release|Any CPU
		{9DA87557-2B8A-4DB7-881E-17CACD5B9660}.Release|Any CPU.Build.0 = Release|Any CPU
		{A103CCEF-24F4-4BE2-820B-87FBAA9DEE7F}.Debug|Any CPU.ActiveCfg = Debug|Any CPU
		{A103CCEF-24F4-4BE2-820B-87FBAA9DEE7F}.Debug|Any CPU.Build.0 = Debug|Any CPU
		{A103CCEF-24F4-4BE2-820B-87FBAA9DEE7F}.Release|Any CPU.ActiveCfg = Release|Any CPU
		{A103CCEF-24F4-4BE2-820B-87FBAA9DEE7F}.Release|Any CPU.Build.0 = Release|Any CPU
		{AFCB26AC-C0E0-4574-82E9-05E1776275E9}.Debug|Any CPU.ActiveCfg = Debug|Any CPU
		{AFCB26AC-C0E0-4574-82E9-05E1776275E9}.Debug|Any CPU.Build.0 = Debug|Any CPU
		{AFCB26AC-C0E0-4574-82E9-05E1776275E9}.Release|Any CPU.ActiveCfg = Release|Any CPU
		{AFCB26AC-C0E0-4574-82E9-05E1776275E9}.Release|Any CPU.Build.0 = Release|Any CPU
		{23D4C220-5474-437B-A3AC-23DEDB8C96B6}.Debug|Any CPU.ActiveCfg = Debug|Any CPU
		{23D4C220-5474-437B-A3AC-23DEDB8C96B6}.Debug|Any CPU.Build.0 = Debug|Any CPU
		{23D4C220-5474-437B-A3AC-23DEDB8C96B6}.Release|Any CPU.ActiveCfg = Release|Any CPU
		{23D4C220-5474-437B-A3AC-23DEDB8C96B6}.Release|Any CPU.Build.0 = Release|Any CPU
	EndGlobalSection
	GlobalSection(SolutionProperties) = preSolution
		HideSolutionNode = FALSE
	EndGlobalSection
EndGlobal
