
Microsoft Visual Studio Solution File, Format Version 12.00
# Visual Studio 14
VisualStudioVersion = 14.0.25420.1
MinimumVisualStudioVersion = 10.0.40219.1
Project("{FAE04EC0-301F-11D3-BF4B-00C04F79EFBC}") = "FIISA", "FIISA\FIISA.csproj", "{5E604E79-824E-47D3-844B-833FD48030DF}"
EndProject
Project("{FAE04EC0-301F-11D3-BF4B-00C04F79EFBC}") = "WSForum", "WSForum\WSForum.csproj", "{F663A5EA-4EBB-4458-BC8E-7B898A0E4F54}"
EndProject
Project("{FAE04EC0-301F-11D3-BF4B-00C04F79EFBC}") = "ConsumeWSRest", "ConsumeWSRest\ConsumeWSRest.csproj", "{40415DC9-6833-4C59-B885-D39530B8BE13}"
EndProject
Project("{FAE04EC0-301F-11D3-BF4B-00C04F79EFBC}") = "Common", "Common\Common.csproj", "{9DA87557-2B8A-4DB7-881E-17CACD5B9660}"
EndProject
Project("{FAE04EC0-301F-11D3-BF4B-00C04F79EFBC}") = "DALForum", "DALForum\DALForum.csproj", "{A103CCEF-24F4-4BE2-820B-87FBAA9DEE7F}"
EndProject
Project("{FAE04EC0-301F-11D3-BF4B-00C04F79EFBC}") = "DLLAuth", "DLLAuth\DLLAuth.csproj", "{AFCB26AC-C0E0-4574-82E9-05E1776275E9}"
EndProject
Project("{FAE04EC0-301F-11D3-BF4B-00C04F79EFBC}") = "DALClientWS", "DALClientWS\DALClientWS.csproj", "{23D4C220-5474-437B-A3AC-23DEDB8C96B6}"
EndProject
Project("{FAE04EC0-301F-11D3-BF4B-00C04F79EFBC}") = "ConsoleTestClient", "ConsoleTestClient\ConsoleTestClient.csproj", "{A2EFE586-8CFD-4D74-AABC-41F8CA02E789}"
EndProject
Project("{FAE04EC0-301F-11D3-BF4B-00C04F79EFBC}") = "DLLForumV2", "DLLForumV2\DLLForumV2.csproj", "{776DE3AD-5B81-4C69-A14A-729EB34EA2F9}"
EndProject
Project("{FAE04EC0-301F-11D3-BF4B-00C04F79EFBC}") = "FIISA.Windows", "..\Projets Visual studio 2015\FIISA\FIISA\FIISA.Windows\FIISA.Windows.csproj", "{08E485C7-077E-4E13-9260-772EB3B19B94}"
EndProject
Project("{D954291E-2A0B-460D-934E-DC6B0785DB48}") = "FIISA.Shared", "..\Projets Visual studio 2015\FIISA\FIISA\FIISA.Shared\FIISA.Shared.shproj", "{8D823A3A-A475-4FCB-8DC7-1D7D99F2CEFC}"
EndProject
Global
	GlobalSection(SharedMSBuildProjectFiles) = preSolution
		..\Projets Visual studio 2015\FIISA\FIISA\FIISA.Shared\FIISA.Shared.projitems*{08e485c7-077e-4e13-9260-772eb3b19b94}*SharedItemsImports = 4
		..\Projets Visual studio 2015\FIISA\FIISA\FIISA.Shared\FIISA.Shared.projitems*{8d823a3a-a475-4fcb-8dc7-1d7d99f2cefc}*SharedItemsImports = 13
	EndGlobalSection
	GlobalSection(SolutionConfigurationPlatforms) = preSolution
		Debug|Any CPU = Debug|Any CPU
		Debug|ARM = Debug|ARM
		Debug|x64 = Debug|x64
		Debug|x86 = Debug|x86
		Release|Any CPU = Release|Any CPU
		Release|ARM = Release|ARM
		Release|x64 = Release|x64
		Release|x86 = Release|x86
	EndGlobalSection
	GlobalSection(ProjectConfigurationPlatforms) = postSolution
		{5E604E79-824E-47D3-844B-833FD48030DF}.Debug|Any CPU.ActiveCfg = Debug|Any CPU
		{5E604E79-824E-47D3-844B-833FD48030DF}.Debug|Any CPU.Build.0 = Debug|Any CPU
		{5E604E79-824E-47D3-844B-833FD48030DF}.Debug|ARM.ActiveCfg = Debug|Any CPU
		{5E604E79-824E-47D3-844B-833FD48030DF}.Debug|ARM.Build.0 = Debug|Any CPU
		{5E604E79-824E-47D3-844B-833FD48030DF}.Debug|x64.ActiveCfg = Debug|Any CPU
		{5E604E79-824E-47D3-844B-833FD48030DF}.Debug|x64.Build.0 = Debug|Any CPU
		{5E604E79-824E-47D3-844B-833FD48030DF}.Debug|x86.ActiveCfg = Debug|Any CPU
		{5E604E79-824E-47D3-844B-833FD48030DF}.Debug|x86.Build.0 = Debug|Any CPU
		{5E604E79-824E-47D3-844B-833FD48030DF}.Release|Any CPU.ActiveCfg = Release|Any CPU
		{5E604E79-824E-47D3-844B-833FD48030DF}.Release|Any CPU.Build.0 = Release|Any CPU
		{5E604E79-824E-47D3-844B-833FD48030DF}.Release|ARM.ActiveCfg = Release|Any CPU
		{5E604E79-824E-47D3-844B-833FD48030DF}.Release|ARM.Build.0 = Release|Any CPU
		{5E604E79-824E-47D3-844B-833FD48030DF}.Release|x64.ActiveCfg = Release|Any CPU
		{5E604E79-824E-47D3-844B-833FD48030DF}.Release|x64.Build.0 = Release|Any CPU
		{5E604E79-824E-47D3-844B-833FD48030DF}.Release|x86.ActiveCfg = Release|Any CPU
		{5E604E79-824E-47D3-844B-833FD48030DF}.Release|x86.Build.0 = Release|Any CPU
		{F663A5EA-4EBB-4458-BC8E-7B898A0E4F54}.Debug|Any CPU.ActiveCfg = Debug|Any CPU
		{F663A5EA-4EBB-4458-BC8E-7B898A0E4F54}.Debug|Any CPU.Build.0 = Debug|Any CPU
		{F663A5EA-4EBB-4458-BC8E-7B898A0E4F54}.Debug|ARM.ActiveCfg = Debug|Any CPU
		{F663A5EA-4EBB-4458-BC8E-7B898A0E4F54}.Debug|ARM.Build.0 = Debug|Any CPU
		{F663A5EA-4EBB-4458-BC8E-7B898A0E4F54}.Debug|x64.ActiveCfg = Debug|Any CPU
		{F663A5EA-4EBB-4458-BC8E-7B898A0E4F54}.Debug|x64.Build.0 = Debug|Any CPU
		{F663A5EA-4EBB-4458-BC8E-7B898A0E4F54}.Debug|x86.ActiveCfg = Debug|Any CPU
		{F663A5EA-4EBB-4458-BC8E-7B898A0E4F54}.Debug|x86.Build.0 = Debug|Any CPU
		{F663A5EA-4EBB-4458-BC8E-7B898A0E4F54}.Release|Any CPU.ActiveCfg = Release|Any CPU
		{F663A5EA-4EBB-4458-BC8E-7B898A0E4F54}.Release|Any CPU.Build.0 = Release|Any CPU
		{F663A5EA-4EBB-4458-BC8E-7B898A0E4F54}.Release|ARM.ActiveCfg = Release|Any CPU
		{F663A5EA-4EBB-4458-BC8E-7B898A0E4F54}.Release|ARM.Build.0 = Release|Any CPU
		{F663A5EA-4EBB-4458-BC8E-7B898A0E4F54}.Release|x64.ActiveCfg = Release|Any CPU
		{F663A5EA-4EBB-4458-BC8E-7B898A0E4F54}.Release|x64.Build.0 = Release|Any CPU
		{F663A5EA-4EBB-4458-BC8E-7B898A0E4F54}.Release|x86.ActiveCfg = Release|Any CPU
		{F663A5EA-4EBB-4458-BC8E-7B898A0E4F54}.Release|x86.Build.0 = Release|Any CPU
		{40415DC9-6833-4C59-B885-D39530B8BE13}.Debug|Any CPU.ActiveCfg = Debug|Any CPU
		{40415DC9-6833-4C59-B885-D39530B8BE13}.Debug|Any CPU.Build.0 = Debug|Any CPU
		{40415DC9-6833-4C59-B885-D39530B8BE13}.Debug|ARM.ActiveCfg = Debug|Any CPU
		{40415DC9-6833-4C59-B885-D39530B8BE13}.Debug|ARM.Build.0 = Debug|Any CPU
		{40415DC9-6833-4C59-B885-D39530B8BE13}.Debug|x64.ActiveCfg = Debug|Any CPU
		{40415DC9-6833-4C59-B885-D39530B8BE13}.Debug|x64.Build.0 = Debug|Any CPU
		{40415DC9-6833-4C59-B885-D39530B8BE13}.Debug|x86.ActiveCfg = Debug|Any CPU
		{40415DC9-6833-4C59-B885-D39530B8BE13}.Debug|x86.Build.0 = Debug|Any CPU
		{40415DC9-6833-4C59-B885-D39530B8BE13}.Release|Any CPU.ActiveCfg = Release|Any CPU
		{40415DC9-6833-4C59-B885-D39530B8BE13}.Release|Any CPU.Build.0 = Release|Any CPU
		{40415DC9-6833-4C59-B885-D39530B8BE13}.Release|ARM.ActiveCfg = Release|Any CPU
		{40415DC9-6833-4C59-B885-D39530B8BE13}.Release|ARM.Build.0 = Release|Any CPU
		{40415DC9-6833-4C59-B885-D39530B8BE13}.Release|x64.ActiveCfg = Release|Any CPU
		{40415DC9-6833-4C59-B885-D39530B8BE13}.Release|x64.Build.0 = Release|Any CPU
		{40415DC9-6833-4C59-B885-D39530B8BE13}.Release|x86.ActiveCfg = Release|Any CPU
		{40415DC9-6833-4C59-B885-D39530B8BE13}.Release|x86.Build.0 = Release|Any CPU
		{9DA87557-2B8A-4DB7-881E-17CACD5B9660}.Debug|Any CPU.ActiveCfg = Debug|Any CPU
		{9DA87557-2B8A-4DB7-881E-17CACD5B9660}.Debug|Any CPU.Build.0 = Debug|Any CPU
		{9DA87557-2B8A-4DB7-881E-17CACD5B9660}.Debug|ARM.ActiveCfg = Debug|Any CPU
		{9DA87557-2B8A-4DB7-881E-17CACD5B9660}.Debug|ARM.Build.0 = Debug|Any CPU
		{9DA87557-2B8A-4DB7-881E-17CACD5B9660}.Debug|x64.ActiveCfg = Debug|Any CPU
		{9DA87557-2B8A-4DB7-881E-17CACD5B9660}.Debug|x64.Build.0 = Debug|Any CPU
		{9DA87557-2B8A-4DB7-881E-17CACD5B9660}.Debug|x86.ActiveCfg = Debug|Any CPU
		{9DA87557-2B8A-4DB7-881E-17CACD5B9660}.Debug|x86.Build.0 = Debug|Any CPU
		{9DA87557-2B8A-4DB7-881E-17CACD5B9660}.Release|Any CPU.ActiveCfg = Release|Any CPU
		{9DA87557-2B8A-4DB7-881E-17CACD5B9660}.Release|Any CPU.Build.0 = Release|Any CPU
		{9DA87557-2B8A-4DB7-881E-17CACD5B9660}.Release|ARM.ActiveCfg = Release|Any CPU
		{9DA87557-2B8A-4DB7-881E-17CACD5B9660}.Release|ARM.Build.0 = Release|Any CPU
		{9DA87557-2B8A-4DB7-881E-17CACD5B9660}.Release|x64.ActiveCfg = Release|Any CPU
		{9DA87557-2B8A-4DB7-881E-17CACD5B9660}.Release|x64.Build.0 = Release|Any CPU
		{9DA87557-2B8A-4DB7-881E-17CACD5B9660}.Release|x86.ActiveCfg = Release|Any CPU
		{9DA87557-2B8A-4DB7-881E-17CACD5B9660}.Release|x86.Build.0 = Release|Any CPU
		{A103CCEF-24F4-4BE2-820B-87FBAA9DEE7F}.Debug|Any CPU.ActiveCfg = Debug|Any CPU
		{A103CCEF-24F4-4BE2-820B-87FBAA9DEE7F}.Debug|Any CPU.Build.0 = Debug|Any CPU
		{A103CCEF-24F4-4BE2-820B-87FBAA9DEE7F}.Debug|ARM.ActiveCfg = Debug|Any CPU
		{A103CCEF-24F4-4BE2-820B-87FBAA9DEE7F}.Debug|ARM.Build.0 = Debug|Any CPU
		{A103CCEF-24F4-4BE2-820B-87FBAA9DEE7F}.Debug|x64.ActiveCfg = Debug|Any CPU
		{A103CCEF-24F4-4BE2-820B-87FBAA9DEE7F}.Debug|x64.Build.0 = Debug|Any CPU
		{A103CCEF-24F4-4BE2-820B-87FBAA9DEE7F}.Debug|x86.ActiveCfg = Debug|Any CPU
		{A103CCEF-24F4-4BE2-820B-87FBAA9DEE7F}.Debug|x86.Build.0 = Debug|Any CPU
		{A103CCEF-24F4-4BE2-820B-87FBAA9DEE7F}.Release|Any CPU.ActiveCfg = Release|Any CPU
		{A103CCEF-24F4-4BE2-820B-87FBAA9DEE7F}.Release|Any CPU.Build.0 = Release|Any CPU
		{A103CCEF-24F4-4BE2-820B-87FBAA9DEE7F}.Release|ARM.ActiveCfg = Release|Any CPU
		{A103CCEF-24F4-4BE2-820B-87FBAA9DEE7F}.Release|ARM.Build.0 = Release|Any CPU
		{A103CCEF-24F4-4BE2-820B-87FBAA9DEE7F}.Release|x64.ActiveCfg = Release|Any CPU
		{A103CCEF-24F4-4BE2-820B-87FBAA9DEE7F}.Release|x64.Build.0 = Release|Any CPU
		{A103CCEF-24F4-4BE2-820B-87FBAA9DEE7F}.Release|x86.ActiveCfg = Release|Any CPU
		{A103CCEF-24F4-4BE2-820B-87FBAA9DEE7F}.Release|x86.Build.0 = Release|Any CPU
		{AFCB26AC-C0E0-4574-82E9-05E1776275E9}.Debug|Any CPU.ActiveCfg = Debug|Any CPU
		{AFCB26AC-C0E0-4574-82E9-05E1776275E9}.Debug|Any CPU.Build.0 = Debug|Any CPU
		{AFCB26AC-C0E0-4574-82E9-05E1776275E9}.Debug|ARM.ActiveCfg = Debug|Any CPU
		{AFCB26AC-C0E0-4574-82E9-05E1776275E9}.Debug|ARM.Build.0 = Debug|Any CPU
		{AFCB26AC-C0E0-4574-82E9-05E1776275E9}.Debug|x64.ActiveCfg = Debug|Any CPU
		{AFCB26AC-C0E0-4574-82E9-05E1776275E9}.Debug|x64.Build.0 = Debug|Any CPU
		{AFCB26AC-C0E0-4574-82E9-05E1776275E9}.Debug|x86.ActiveCfg = Debug|Any CPU
		{AFCB26AC-C0E0-4574-82E9-05E1776275E9}.Debug|x86.Build.0 = Debug|Any CPU
		{AFCB26AC-C0E0-4574-82E9-05E1776275E9}.Release|Any CPU.ActiveCfg = Release|Any CPU
		{AFCB26AC-C0E0-4574-82E9-05E1776275E9}.Release|Any CPU.Build.0 = Release|Any CPU
		{AFCB26AC-C0E0-4574-82E9-05E1776275E9}.Release|ARM.ActiveCfg = Release|Any CPU
		{AFCB26AC-C0E0-4574-82E9-05E1776275E9}.Release|ARM.Build.0 = Release|Any CPU
		{AFCB26AC-C0E0-4574-82E9-05E1776275E9}.Release|x64.ActiveCfg = Release|Any CPU
		{AFCB26AC-C0E0-4574-82E9-05E1776275E9}.Release|x64.Build.0 = Release|Any CPU
		{AFCB26AC-C0E0-4574-82E9-05E1776275E9}.Release|x86.ActiveCfg = Release|Any CPU
		{AFCB26AC-C0E0-4574-82E9-05E1776275E9}.Release|x86.Build.0 = Release|Any CPU
		{23D4C220-5474-437B-A3AC-23DEDB8C96B6}.Debug|Any CPU.ActiveCfg = Debug|Any CPU
		{23D4C220-5474-437B-A3AC-23DEDB8C96B6}.Debug|Any CPU.Build.0 = Debug|Any CPU
		{23D4C220-5474-437B-A3AC-23DEDB8C96B6}.Debug|ARM.ActiveCfg = Debug|Any CPU
		{23D4C220-5474-437B-A3AC-23DEDB8C96B6}.Debug|ARM.Build.0 = Debug|Any CPU
		{23D4C220-5474-437B-A3AC-23DEDB8C96B6}.Debug|x64.ActiveCfg = Debug|Any CPU
		{23D4C220-5474-437B-A3AC-23DEDB8C96B6}.Debug|x64.Build.0 = Debug|Any CPU
		{23D4C220-5474-437B-A3AC-23DEDB8C96B6}.Debug|x86.ActiveCfg = Debug|Any CPU
		{23D4C220-5474-437B-A3AC-23DEDB8C96B6}.Debug|x86.Build.0 = Debug|Any CPU
		{23D4C220-5474-437B-A3AC-23DEDB8C96B6}.Release|Any CPU.ActiveCfg = Release|Any CPU
		{23D4C220-5474-437B-A3AC-23DEDB8C96B6}.Release|Any CPU.Build.0 = Release|Any CPU
		{23D4C220-5474-437B-A3AC-23DEDB8C96B6}.Release|ARM.ActiveCfg = Release|Any CPU
		{23D4C220-5474-437B-A3AC-23DEDB8C96B6}.Release|ARM.Build.0 = Release|Any CPU
		{23D4C220-5474-437B-A3AC-23DEDB8C96B6}.Release|x64.ActiveCfg = Release|Any CPU
		{23D4C220-5474-437B-A3AC-23DEDB8C96B6}.Release|x64.Build.0 = Release|Any CPU
		{23D4C220-5474-437B-A3AC-23DEDB8C96B6}.Release|x86.ActiveCfg = Release|Any CPU
		{23D4C220-5474-437B-A3AC-23DEDB8C96B6}.Release|x86.Build.0 = Release|Any CPU
		{A2EFE586-8CFD-4D74-AABC-41F8CA02E789}.Debug|Any CPU.ActiveCfg = Debug|Any CPU
		{A2EFE586-8CFD-4D74-AABC-41F8CA02E789}.Debug|Any CPU.Build.0 = Debug|Any CPU
		{A2EFE586-8CFD-4D74-AABC-41F8CA02E789}.Debug|ARM.ActiveCfg = Debug|Any CPU
		{A2EFE586-8CFD-4D74-AABC-41F8CA02E789}.Debug|ARM.Build.0 = Debug|Any CPU
		{A2EFE586-8CFD-4D74-AABC-41F8CA02E789}.Debug|x64.ActiveCfg = Debug|Any CPU
		{A2EFE586-8CFD-4D74-AABC-41F8CA02E789}.Debug|x64.Build.0 = Debug|Any CPU
		{A2EFE586-8CFD-4D74-AABC-41F8CA02E789}.Debug|x86.ActiveCfg = Debug|Any CPU
		{A2EFE586-8CFD-4D74-AABC-41F8CA02E789}.Debug|x86.Build.0 = Debug|Any CPU
		{A2EFE586-8CFD-4D74-AABC-41F8CA02E789}.Release|Any CPU.ActiveCfg = Release|Any CPU
		{A2EFE586-8CFD-4D74-AABC-41F8CA02E789}.Release|Any CPU.Build.0 = Release|Any CPU
		{A2EFE586-8CFD-4D74-AABC-41F8CA02E789}.Release|ARM.ActiveCfg = Release|Any CPU
		{A2EFE586-8CFD-4D74-AABC-41F8CA02E789}.Release|ARM.Build.0 = Release|Any CPU
		{A2EFE586-8CFD-4D74-AABC-41F8CA02E789}.Release|x64.ActiveCfg = Release|Any CPU
		{A2EFE586-8CFD-4D74-AABC-41F8CA02E789}.Release|x64.Build.0 = Release|Any CPU
		{A2EFE586-8CFD-4D74-AABC-41F8CA02E789}.Release|x86.ActiveCfg = Release|Any CPU
		{A2EFE586-8CFD-4D74-AABC-41F8CA02E789}.Release|x86.Build.0 = Release|Any CPU
		{776DE3AD-5B81-4C69-A14A-729EB34EA2F9}.Debug|Any CPU.ActiveCfg = Debug|Any CPU
		{776DE3AD-5B81-4C69-A14A-729EB34EA2F9}.Debug|Any CPU.Build.0 = Debug|Any CPU
		{776DE3AD-5B81-4C69-A14A-729EB34EA2F9}.Debug|ARM.ActiveCfg = Debug|Any CPU
		{776DE3AD-5B81-4C69-A14A-729EB34EA2F9}.Debug|ARM.Build.0 = Debug|Any CPU
		{776DE3AD-5B81-4C69-A14A-729EB34EA2F9}.Debug|x64.ActiveCfg = Debug|Any CPU
		{776DE3AD-5B81-4C69-A14A-729EB34EA2F9}.Debug|x64.Build.0 = Debug|Any CPU
		{776DE3AD-5B81-4C69-A14A-729EB34EA2F9}.Debug|x86.ActiveCfg = Debug|Any CPU
		{776DE3AD-5B81-4C69-A14A-729EB34EA2F9}.Debug|x86.Build.0 = Debug|Any CPU
		{776DE3AD-5B81-4C69-A14A-729EB34EA2F9}.Release|Any CPU.ActiveCfg = Release|Any CPU
		{776DE3AD-5B81-4C69-A14A-729EB34EA2F9}.Release|Any CPU.Build.0 = Release|Any CPU
		{776DE3AD-5B81-4C69-A14A-729EB34EA2F9}.Release|ARM.ActiveCfg = Release|Any CPU
		{776DE3AD-5B81-4C69-A14A-729EB34EA2F9}.Release|ARM.Build.0 = Release|Any CPU
		{776DE3AD-5B81-4C69-A14A-729EB34EA2F9}.Release|x64.ActiveCfg = Release|Any CPU
		{776DE3AD-5B81-4C69-A14A-729EB34EA2F9}.Release|x64.Build.0 = Release|Any CPU
		{776DE3AD-5B81-4C69-A14A-729EB34EA2F9}.Release|x86.ActiveCfg = Release|Any CPU
		{776DE3AD-5B81-4C69-A14A-729EB34EA2F9}.Release|x86.Build.0 = Release|Any CPU
		{08E485C7-077E-4E13-9260-772EB3B19B94}.Debug|Any CPU.ActiveCfg = Debug|Any CPU
		{08E485C7-077E-4E13-9260-772EB3B19B94}.Debug|Any CPU.Build.0 = Debug|Any CPU
		{08E485C7-077E-4E13-9260-772EB3B19B94}.Debug|Any CPU.Deploy.0 = Debug|Any CPU
		{08E485C7-077E-4E13-9260-772EB3B19B94}.Debug|ARM.ActiveCfg = Debug|ARM
		{08E485C7-077E-4E13-9260-772EB3B19B94}.Debug|ARM.Build.0 = Debug|ARM
		{08E485C7-077E-4E13-9260-772EB3B19B94}.Debug|ARM.Deploy.0 = Debug|ARM
		{08E485C7-077E-4E13-9260-772EB3B19B94}.Debug|x64.ActiveCfg = Debug|x64
		{08E485C7-077E-4E13-9260-772EB3B19B94}.Debug|x64.Build.0 = Debug|x64
		{08E485C7-077E-4E13-9260-772EB3B19B94}.Debug|x64.Deploy.0 = Debug|x64
		{08E485C7-077E-4E13-9260-772EB3B19B94}.Debug|x86.ActiveCfg = Debug|x86
		{08E485C7-077E-4E13-9260-772EB3B19B94}.Debug|x86.Build.0 = Debug|x86
		{08E485C7-077E-4E13-9260-772EB3B19B94}.Debug|x86.Deploy.0 = Debug|x86
		{08E485C7-077E-4E13-9260-772EB3B19B94}.Release|Any CPU.ActiveCfg = Release|Any CPU
		{08E485C7-077E-4E13-9260-772EB3B19B94}.Release|Any CPU.Build.0 = Release|Any CPU
		{08E485C7-077E-4E13-9260-772EB3B19B94}.Release|Any CPU.Deploy.0 = Release|Any CPU
		{08E485C7-077E-4E13-9260-772EB3B19B94}.Release|ARM.ActiveCfg = Release|ARM
		{08E485C7-077E-4E13-9260-772EB3B19B94}.Release|ARM.Build.0 = Release|ARM
		{08E485C7-077E-4E13-9260-772EB3B19B94}.Release|ARM.Deploy.0 = Release|ARM
		{08E485C7-077E-4E13-9260-772EB3B19B94}.Release|x64.ActiveCfg = Release|x64
		{08E485C7-077E-4E13-9260-772EB3B19B94}.Release|x64.Build.0 = Release|x64
		{08E485C7-077E-4E13-9260-772EB3B19B94}.Release|x64.Deploy.0 = Release|x64
		{08E485C7-077E-4E13-9260-772EB3B19B94}.Release|x86.ActiveCfg = Release|x86
		{08E485C7-077E-4E13-9260-772EB3B19B94}.Release|x86.Build.0 = Release|x86
		{08E485C7-077E-4E13-9260-772EB3B19B94}.Release|x86.Deploy.0 = Release|x86
	EndGlobalSection
	GlobalSection(SolutionProperties) = preSolution
		HideSolutionNode = FALSE
	EndGlobalSection
EndGlobal
