
Microsoft Visual Studio Solution File, Format Version 12.00
# Visual Studio 14
VisualStudioVersion = 14.0.25420.1
MinimumVisualStudioVersion = 10.0.40219.1
Project("{FAE04EC0-301F-11D3-BF4B-00C04F79EFBC}") = "WSForum", "WSForum\WSForum.csproj", "{F663A5EA-4EBB-4458-BC8E-7B898A0E4F54}"
EndProject
Project("{FAE04EC0-301F-11D3-BF4B-00C04F79EFBC}") = "ConsumeWSRest", "ConsumeWSRest\ConsumeWSRest.csproj", "{40415DC9-6833-4C59-B885-D39530B8BE13}"
EndProject
Project("{FAE04EC0-301F-11D3-BF4B-00C04F79EFBC}") = "Common", "Common\Common.csproj", "{9DA87557-2B8A-4DB7-881E-17CACD5B9660}"
EndProject
Project("{FAE04EC0-301F-11D3-BF4B-00C04F79EFBC}") = "DALForum", "DALForum\DALForum.csproj", "{A103CCEF-24F4-4BE2-820B-87FBAA9DEE7F}"
EndProject
Project("{FAE04EC0-301F-11D3-BF4B-00C04F79EFBC}") = "DLLAuth", "DLLAuth\DLLAuth.csproj", "{AFCB26AC-C0E0-4574-82E9-05E1776275E9}"
EndProject
Project("{FAE04EC0-301F-11D3-BF4B-00C04F79EFBC}") = "DALClientWS", "DALClientWS\DALClientWS.csproj", "{23D4C220-5474-437B-A3AC-23DEDB8C96B6}"
EndProject
Project("{FAE04EC0-301F-11D3-BF4B-00C04F79EFBC}") = "DLLForumV2", "DLLForumV2\DLLForumV2.csproj", "{776DE3AD-5B81-4C69-A14A-729EB34EA2F9}"
EndProject
Project("{2150E333-8FDC-42A3-9474-1A3956D46DE8}") = "FIISA_Universel", "FIISA_Universel", "{DED92DDC-CA2B-48A0-A453-28067925C449}"
EndProject
Project("{D954291E-2A0B-460D-934E-DC6B0785DB48}") = "FIISA_Universel.Shared", "FIISA_Universel\FIISA_Universel.Shared\FIISA_Universel.Shared.shproj", "{491007E9-B33D-45FE-A7A6-2C3F8D12E6B3}"
EndProject
Project("{FAE04EC0-301F-11D3-BF4B-00C04F79EFBC}") = "FIISA_Universel.Windows", "FIISA_Universel\FIISA_Universel.Windows\FIISA_Universel.Windows.csproj", "{ED8A0B25-7FB7-48C7-BD5A-A2520AD5A98C}"
EndProject
Project("{FAE04EC0-301F-11D3-BF4B-00C04F79EFBC}") = "FIISA_Universel.WindowsPhone", "FIISA_Universel\FIISA_Universel.WindowsPhone\FIISA_Universel.WindowsPhone.csproj", "{0FEE7315-8A66-4DAB-8723-E289961A3853}"
EndProject
Project("{F088123C-0E9E-452A-89E6-6BA2F21D5CAC}") = "ModelingProject1", "ModelingProject1\ModelingProject1.modelproj", "{65C0B81A-CC64-40B8-9507-37349A3AD809}"
EndProject
Global
	GlobalSection(SharedMSBuildProjectFiles) = preSolution
		FIISA_Universel\FIISA_Universel.Shared\FIISA_Universel.Shared.projitems*{0fee7315-8a66-4dab-8723-e289961a3853}*SharedItemsImports = 4
		FIISA_Universel\FIISA_Universel.Shared\FIISA_Universel.Shared.projitems*{491007e9-b33d-45fe-a7a6-2c3f8d12e6b3}*SharedItemsImports = 13
		FIISA_Universel\FIISA_Universel.Shared\FIISA_Universel.Shared.projitems*{ed8a0b25-7fb7-48c7-bd5a-a2520ad5a98c}*SharedItemsImports = 4
	EndGlobalSection
	GlobalSection(SolutionConfigurationPlatforms) = preSolution
		Debug|Any CPU = Debug|Any CPU
		Debug|ARM = Debug|ARM
		Debug|x64 = Debug|x64
		Debug|x86 = Debug|x86
		Release|Any CPU = Release|Any CPU
		Release|ARM = Release|ARM
		Release|x64 = Release|x64
		Release|x86 = Release|x86
	EndGlobalSection
	GlobalSection(ProjectConfigurationPlatforms) = postSolution
		{F663A5EA-4EBB-4458-BC8E-7B898A0E4F54}.Debug|Any CPU.ActiveCfg = Debug|Any CPU
		{F663A5EA-4EBB-4458-BC8E-7B898A0E4F54}.Debug|Any CPU.Build.0 = Debug|Any CPU
		{F663A5EA-4EBB-4458-BC8E-7B898A0E4F54}.Debug|ARM.ActiveCfg = Debug|Any CPU
		{F663A5EA-4EBB-4458-BC8E-7B898A0E4F54}.Debug|ARM.Build.0 = Debug|Any CPU
		{F663A5EA-4EBB-4458-BC8E-7B898A0E4F54}.Debug|x64.ActiveCfg = Debug|Any CPU
		{F663A5EA-4EBB-4458-BC8E-7B898A0E4F54}.Debug|x64.Build.0 = Debug|Any CPU
		{F663A5EA-4EBB-4458-BC8E-7B898A0E4F54}.Debug|x86.ActiveCfg = Debug|Any CPU
		{F663A5EA-4EBB-4458-BC8E-7B898A0E4F54}.Debug|x86.Build.0 = Debug|Any CPU
		{F663A5EA-4EBB-4458-BC8E-7B898A0E4F54}.Release|Any CPU.ActiveCfg = Release|Any CPU
		{F663A5EA-4EBB-4458-BC8E-7B898A0E4F54}.Release|Any CPU.Build.0 = Release|Any CPU
		{F663A5EA-4EBB-4458-BC8E-7B898A0E4F54}.Release|ARM.ActiveCfg = Release|Any CPU
		{F663A5EA-4EBB-4458-BC8E-7B898A0E4F54}.Release|ARM.Build.0 = Release|Any CPU
		{F663A5EA-4EBB-4458-BC8E-7B898A0E4F54}.Release|x64.ActiveCfg = Release|Any CPU
		{F663A5EA-4EBB-4458-BC8E-7B898A0E4F54}.Release|x64.Build.0 = Release|Any CPU
		{F663A5EA-4EBB-4458-BC8E-7B898A0E4F54}.Release|x86.ActiveCfg = Release|Any CPU
		{F663A5EA-4EBB-4458-BC8E-7B898A0E4F54}.Release|x86.Build.0 = Release|Any CPU
		{40415DC9-6833-4C59-B885-D39530B8BE13}.Debug|Any CPU.ActiveCfg = Debug|Any CPU
		{40415DC9-6833-4C59-B885-D39530B8BE13}.Debug|Any CPU.Build.0 = Debug|Any CPU
		{40415DC9-6833-4C59-B885-D39530B8BE13}.Debug|ARM.ActiveCfg = Debug|Any CPU
		{40415DC9-6833-4C59-B885-D39530B8BE13}.Debug|ARM.Build.0 = Debug|Any CPU
		{40415DC9-6833-4C59-B885-D39530B8BE13}.Debug|x64.ActiveCfg = Debug|Any CPU
		{40415DC9-6833-4C59-B885-D39530B8BE13}.Debug|x64.Build.0 = Debug|Any CPU
		{40415DC9-6833-4C59-B885-D39530B8BE13}.Debug|x86.ActiveCfg = Debug|Any CPU
		{40415DC9-6833-4C59-B885-D39530B8BE13}.Debug|x86.Build.0 = Debug|Any CPU
		{40415DC9-6833-4C59-B885-D39530B8BE13}.Release|Any CPU.ActiveCfg = Release|Any CPU
		{40415DC9-6833-4C59-B885-D39530B8BE13}.Release|Any CPU.Build.0 = Release|Any CPU
		{40415DC9-6833-4C59-B885-D39530B8BE13}.Release|ARM.ActiveCfg = Release|Any CPU
		{40415DC9-6833-4C59-B885-D39530B8BE13}.Release|ARM.Build.0 = Release|Any CPU
		{40415DC9-6833-4C59-B885-D39530B8BE13}.Release|x64.ActiveCfg = Release|Any CPU
		{40415DC9-6833-4C59-B885-D39530B8BE13}.Release|x64.Build.0 = Release|Any CPU
		{40415DC9-6833-4C59-B885-D39530B8BE13}.Release|x86.ActiveCfg = Release|Any CPU
		{40415DC9-6833-4C59-B885-D39530B8BE13}.Release|x86.Build.0 = Release|Any CPU
		{9DA87557-2B8A-4DB7-881E-17CACD5B9660}.Debug|Any CPU.ActiveCfg = Debug|Any CPU
		{9DA87557-2B8A-4DB7-881E-17CACD5B9660}.Debug|Any CPU.Build.0 = Debug|Any CPU
		{9DA87557-2B8A-4DB7-881E-17CACD5B9660}.Debug|ARM.ActiveCfg = Debug|Any CPU
		{9DA87557-2B8A-4DB7-881E-17CACD5B9660}.Debug|ARM.Build.0 = Debug|Any CPU
		{9DA87557-2B8A-4DB7-881E-17CACD5B9660}.Debug|x64.ActiveCfg = Debug|Any CPU
		{9DA87557-2B8A-4DB7-881E-17CACD5B9660}.Debug|x64.Build.0 = Debug|Any CPU
		{9DA87557-2B8A-4DB7-881E-17CACD5B9660}.Debug|x86.ActiveCfg = Debug|Any CPU
		{9DA87557-2B8A-4DB7-881E-17CACD5B9660}.Debug|x86.Build.0 = Debug|Any CPU
		{9DA87557-2B8A-4DB7-881E-17CACD5B9660}.Release|Any CPU.ActiveCfg = Release|Any CPU
		{9DA87557-2B8A-4DB7-881E-17CACD5B9660}.Release|Any CPU.Build.0 = Release|Any CPU
		{9DA87557-2B8A-4DB7-881E-17CACD5B9660}.Release|ARM.ActiveCfg = Release|Any CPU
		{9DA87557-2B8A-4DB7-881E-17CACD5B9660}.Release|ARM.Build.0 = Release|Any CPU
		{9DA87557-2B8A-4DB7-881E-17CACD5B9660}.Release|x64.ActiveCfg = Release|Any CPU
		{9DA87557-2B8A-4DB7-881E-17CACD5B9660}.Release|x64.Build.0 = Release|Any CPU
		{9DA87557-2B8A-4DB7-881E-17CACD5B9660}.Release|x86.ActiveCfg = Release|Any CPU
		{9DA87557-2B8A-4DB7-881E-17CACD5B9660}.Release|x86.Build.0 = Release|Any CPU
		{A103CCEF-24F4-4BE2-820B-87FBAA9DEE7F}.Debug|Any CPU.ActiveCfg = Debug|Any CPU
		{A103CCEF-24F4-4BE2-820B-87FBAA9DEE7F}.Debug|Any CPU.Build.0 = Debug|Any CPU
		{A103CCEF-24F4-4BE2-820B-87FBAA9DEE7F}.Debug|ARM.ActiveCfg = Debug|Any CPU
		{A103CCEF-24F4-4BE2-820B-87FBAA9DEE7F}.Debug|ARM.Build.0 = Debug|Any CPU
		{A103CCEF-24F4-4BE2-820B-87FBAA9DEE7F}.Debug|x64.ActiveCfg = Debug|Any CPU
		{A103CCEF-24F4-4BE2-820B-87FBAA9DEE7F}.Debug|x64.Build.0 = Debug|Any CPU
		{A103CCEF-24F4-4BE2-820B-87FBAA9DEE7F}.Debug|x86.ActiveCfg = Debug|Any CPU
		{A103CCEF-24F4-4BE2-820B-87FBAA9DEE7F}.Debug|x86.Build.0 = Debug|Any CPU
		{A103CCEF-24F4-4BE2-820B-87FBAA9DEE7F}.Release|Any CPU.ActiveCfg = Release|Any CPU
		{A103CCEF-24F4-4BE2-820B-87FBAA9DEE7F}.Release|Any CPU.Build.0 = Release|Any CPU
		{A103CCEF-24F4-4BE2-820B-87FBAA9DEE7F}.Release|ARM.ActiveCfg = Release|Any CPU
		{A103CCEF-24F4-4BE2-820B-87FBAA9DEE7F}.Release|ARM.Build.0 = Release|Any CPU
		{A103CCEF-24F4-4BE2-820B-87FBAA9DEE7F}.Release|x64.ActiveCfg = Release|Any CPU
		{A103CCEF-24F4-4BE2-820B-87FBAA9DEE7F}.Release|x64.Build.0 = Release|Any CPU
		{A103CCEF-24F4-4BE2-820B-87FBAA9DEE7F}.Release|x86.ActiveCfg = Release|Any CPU
		{A103CCEF-24F4-4BE2-820B-87FBAA9DEE7F}.Release|x86.Build.0 = Release|Any CPU
		{AFCB26AC-C0E0-4574-82E9-05E1776275E9}.Debug|Any CPU.ActiveCfg = Debug|Any CPU
		{AFCB26AC-C0E0-4574-82E9-05E1776275E9}.Debug|Any CPU.Build.0 = Debug|Any CPU
		{AFCB26AC-C0E0-4574-82E9-05E1776275E9}.Debug|ARM.ActiveCfg = Debug|Any CPU
		{AFCB26AC-C0E0-4574-82E9-05E1776275E9}.Debug|ARM.Build.0 = Debug|Any CPU
		{AFCB26AC-C0E0-4574-82E9-05E1776275E9}.Debug|x64.ActiveCfg = Debug|Any CPU
		{AFCB26AC-C0E0-4574-82E9-05E1776275E9}.Debug|x64.Build.0 = Debug|Any CPU
		{AFCB26AC-C0E0-4574-82E9-05E1776275E9}.Debug|x86.ActiveCfg = Debug|Any CPU
		{AFCB26AC-C0E0-4574-82E9-05E1776275E9}.Debug|x86.Build.0 = Debug|Any CPU
		{AFCB26AC-C0E0-4574-82E9-05E1776275E9}.Release|Any CPU.ActiveCfg = Release|Any CPU
		{AFCB26AC-C0E0-4574-82E9-05E1776275E9}.Release|Any CPU.Build.0 = Release|Any CPU
		{AFCB26AC-C0E0-4574-82E9-05E1776275E9}.Release|ARM.ActiveCfg = Release|Any CPU
		{AFCB26AC-C0E0-4574-82E9-05E1776275E9}.Release|ARM.Build.0 = Release|Any CPU
		{AFCB26AC-C0E0-4574-82E9-05E1776275E9}.Release|x64.ActiveCfg = Release|Any CPU
		{AFCB26AC-C0E0-4574-82E9-05E1776275E9}.Release|x64.Build.0 = Release|Any CPU
		{AFCB26AC-C0E0-4574-82E9-05E1776275E9}.Release|x86.ActiveCfg = Release|Any CPU
		{AFCB26AC-C0E0-4574-82E9-05E1776275E9}.Release|x86.Build.0 = Release|Any CPU
		{23D4C220-5474-437B-A3AC-23DEDB8C96B6}.Debug|Any CPU.ActiveCfg = Debug|Any CPU
		{23D4C220-5474-437B-A3AC-23DEDB8C96B6}.Debug|Any CPU.Build.0 = Debug|Any CPU
		{23D4C220-5474-437B-A3AC-23DEDB8C96B6}.Debug|ARM.ActiveCfg = Debug|Any CPU
		{23D4C220-5474-437B-A3AC-23DEDB8C96B6}.Debug|ARM.Build.0 = Debug|Any CPU
		{23D4C220-5474-437B-A3AC-23DEDB8C96B6}.Debug|x64.ActiveCfg = Debug|Any CPU
		{23D4C220-5474-437B-A3AC-23DEDB8C96B6}.Debug|x64.Build.0 = Debug|Any CPU
		{23D4C220-5474-437B-A3AC-23DEDB8C96B6}.Debug|x86.ActiveCfg = Debug|Any CPU
		{23D4C220-5474-437B-A3AC-23DEDB8C96B6}.Debug|x86.Build.0 = Debug|Any CPU
		{23D4C220-5474-437B-A3AC-23DEDB8C96B6}.Release|Any CPU.ActiveCfg = Release|Any CPU
		{23D4C220-5474-437B-A3AC-23DEDB8C96B6}.Release|Any CPU.Build.0 = Release|Any CPU
		{23D4C220-5474-437B-A3AC-23DEDB8C96B6}.Release|ARM.ActiveCfg = Release|Any CPU
		{23D4C220-5474-437B-A3AC-23DEDB8C96B6}.Release|ARM.Build.0 = Release|Any CPU
		{23D4C220-5474-437B-A3AC-23DEDB8C96B6}.Release|x64.ActiveCfg = Release|Any CPU
		{23D4C220-5474-437B-A3AC-23DEDB8C96B6}.Release|x64.Build.0 = Release|Any CPU
		{23D4C220-5474-437B-A3AC-23DEDB8C96B6}.Release|x86.ActiveCfg = Release|Any CPU
		{23D4C220-5474-437B-A3AC-23DEDB8C96B6}.Release|x86.Build.0 = Release|Any CPU
		{776DE3AD-5B81-4C69-A14A-729EB34EA2F9}.Debug|Any CPU.ActiveCfg = Debug|Any CPU
		{776DE3AD-5B81-4C69-A14A-729EB34EA2F9}.Debug|Any CPU.Build.0 = Debug|Any CPU
		{776DE3AD-5B81-4C69-A14A-729EB34EA2F9}.Debug|ARM.ActiveCfg = Debug|Any CPU
		{776DE3AD-5B81-4C69-A14A-729EB34EA2F9}.Debug|ARM.Build.0 = Debug|Any CPU
		{776DE3AD-5B81-4C69-A14A-729EB34EA2F9}.Debug|x64.ActiveCfg = Debug|Any CPU
		{776DE3AD-5B81-4C69-A14A-729EB34EA2F9}.Debug|x64.Build.0 = Debug|Any CPU
		{776DE3AD-5B81-4C69-A14A-729EB34EA2F9}.Debug|x86.ActiveCfg = Debug|Any CPU
		{776DE3AD-5B81-4C69-A14A-729EB34EA2F9}.Debug|x86.Build.0 = Debug|Any CPU
		{776DE3AD-5B81-4C69-A14A-729EB34EA2F9}.Release|Any CPU.ActiveCfg = Release|Any CPU
		{776DE3AD-5B81-4C69-A14A-729EB34EA2F9}.Release|Any CPU.Build.0 = Release|Any CPU
		{776DE3AD-5B81-4C69-A14A-729EB34EA2F9}.Release|ARM.ActiveCfg = Release|Any CPU
		{776DE3AD-5B81-4C69-A14A-729EB34EA2F9}.Release|ARM.Build.0 = Release|Any CPU
		{776DE3AD-5B81-4C69-A14A-729EB34EA2F9}.Release|x64.ActiveCfg = Release|Any CPU
		{776DE3AD-5B81-4C69-A14A-729EB34EA2F9}.Release|x64.Build.0 = Release|Any CPU
		{776DE3AD-5B81-4C69-A14A-729EB34EA2F9}.Release|x86.ActiveCfg = Release|Any CPU
		{776DE3AD-5B81-4C69-A14A-729EB34EA2F9}.Release|x86.Build.0 = Release|Any CPU
		{ED8A0B25-7FB7-48C7-BD5A-A2520AD5A98C}.Debug|Any CPU.ActiveCfg = Debug|Any CPU
		{ED8A0B25-7FB7-48C7-BD5A-A2520AD5A98C}.Debug|Any CPU.Build.0 = Debug|Any CPU
		{ED8A0B25-7FB7-48C7-BD5A-A2520AD5A98C}.Debug|Any CPU.Deploy.0 = Debug|Any CPU
		{ED8A0B25-7FB7-48C7-BD5A-A2520AD5A98C}.Debug|ARM.ActiveCfg = Debug|ARM
		{ED8A0B25-7FB7-48C7-BD5A-A2520AD5A98C}.Debug|ARM.Build.0 = Debug|ARM
		{ED8A0B25-7FB7-48C7-BD5A-A2520AD5A98C}.Debug|ARM.Deploy.0 = Debug|ARM
		{ED8A0B25-7FB7-48C7-BD5A-A2520AD5A98C}.Debug|x64.ActiveCfg = Debug|x64
		{ED8A0B25-7FB7-48C7-BD5A-A2520AD5A98C}.Debug|x64.Build.0 = Debug|x64
		{ED8A0B25-7FB7-48C7-BD5A-A2520AD5A98C}.Debug|x64.Deploy.0 = Debug|x64
		{ED8A0B25-7FB7-48C7-BD5A-A2520AD5A98C}.Debug|x86.ActiveCfg = Debug|x86
		{ED8A0B25-7FB7-48C7-BD5A-A2520AD5A98C}.Debug|x86.Build.0 = Debug|x86
		{ED8A0B25-7FB7-48C7-BD5A-A2520AD5A98C}.Debug|x86.Deploy.0 = Debug|x86
		{ED8A0B25-7FB7-48C7-BD5A-A2520AD5A98C}.Release|Any CPU.ActiveCfg = Release|Any CPU
		{ED8A0B25-7FB7-48C7-BD5A-A2520AD5A98C}.Release|Any CPU.Build.0 = Release|Any CPU
		{ED8A0B25-7FB7-48C7-BD5A-A2520AD5A98C}.Release|Any CPU.Deploy.0 = Release|Any CPU
		{ED8A0B25-7FB7-48C7-BD5A-A2520AD5A98C}.Release|ARM.ActiveCfg = Release|ARM
		{ED8A0B25-7FB7-48C7-BD5A-A2520AD5A98C}.Release|ARM.Build.0 = Release|ARM
		{ED8A0B25-7FB7-48C7-BD5A-A2520AD5A98C}.Release|ARM.Deploy.0 = Release|ARM
		{ED8A0B25-7FB7-48C7-BD5A-A2520AD5A98C}.Release|x64.ActiveCfg = Release|x64
		{ED8A0B25-7FB7-48C7-BD5A-A2520AD5A98C}.Release|x64.Build.0 = Release|x64
		{ED8A0B25-7FB7-48C7-BD5A-A2520AD5A98C}.Release|x64.Deploy.0 = Release|x64
		{ED8A0B25-7FB7-48C7-BD5A-A2520AD5A98C}.Release|x86.ActiveCfg = Release|x86
		{ED8A0B25-7FB7-48C7-BD5A-A2520AD5A98C}.Release|x86.Build.0 = Release|x86
		{ED8A0B25-7FB7-48C7-BD5A-A2520AD5A98C}.Release|x86.Deploy.0 = Release|x86
		{0FEE7315-8A66-4DAB-8723-E289961A3853}.Debug|Any CPU.ActiveCfg = Debug|Any CPU
		{0FEE7315-8A66-4DAB-8723-E289961A3853}.Debug|Any CPU.Build.0 = Debug|Any CPU
		{0FEE7315-8A66-4DAB-8723-E289961A3853}.Debug|Any CPU.Deploy.0 = Debug|Any CPU
		{0FEE7315-8A66-4DAB-8723-E289961A3853}.Debug|ARM.ActiveCfg = Debug|ARM
		{0FEE7315-8A66-4DAB-8723-E289961A3853}.Debug|ARM.Build.0 = Debug|ARM
		{0FEE7315-8A66-4DAB-8723-E289961A3853}.Debug|ARM.Deploy.0 = Debug|ARM
		{0FEE7315-8A66-4DAB-8723-E289961A3853}.Debug|x64.ActiveCfg = Debug|Any CPU
		{0FEE7315-8A66-4DAB-8723-E289961A3853}.Debug|x64.Build.0 = Debug|Any CPU
		{0FEE7315-8A66-4DAB-8723-E289961A3853}.Debug|x64.Deploy.0 = Debug|Any CPU
		{0FEE7315-8A66-4DAB-8723-E289961A3853}.Debug|x86.ActiveCfg = Debug|x86
		{0FEE7315-8A66-4DAB-8723-E289961A3853}.Debug|x86.Build.0 = Debug|x86
		{0FEE7315-8A66-4DAB-8723-E289961A3853}.Debug|x86.Deploy.0 = Debug|x86
		{0FEE7315-8A66-4DAB-8723-E289961A3853}.Release|Any CPU.ActiveCfg = Release|Any CPU
		{0FEE7315-8A66-4DAB-8723-E289961A3853}.Release|Any CPU.Build.0 = Release|Any CPU
		{0FEE7315-8A66-4DAB-8723-E289961A3853}.Release|Any CPU.Deploy.0 = Release|Any CPU
		{0FEE7315-8A66-4DAB-8723-E289961A3853}.Release|ARM.ActiveCfg = Release|ARM
		{0FEE7315-8A66-4DAB-8723-E289961A3853}.Release|ARM.Build.0 = Release|ARM
		{0FEE7315-8A66-4DAB-8723-E289961A3853}.Release|ARM.Deploy.0 = Release|ARM
		{0FEE7315-8A66-4DAB-8723-E289961A3853}.Release|x64.ActiveCfg = Release|Any CPU
		{0FEE7315-8A66-4DAB-8723-E289961A3853}.Release|x64.Build.0 = Release|Any CPU
		{0FEE7315-8A66-4DAB-8723-E289961A3853}.Release|x64.Deploy.0 = Release|Any CPU
		{0FEE7315-8A66-4DAB-8723-E289961A3853}.Release|x86.ActiveCfg = Release|x86
		{0FEE7315-8A66-4DAB-8723-E289961A3853}.Release|x86.Build.0 = Release|x86
		{0FEE7315-8A66-4DAB-8723-E289961A3853}.Release|x86.Deploy.0 = Release|x86
		{65C0B81A-CC64-40B8-9507-37349A3AD809}.Debug|Any CPU.ActiveCfg = Debug|Any CPU
		{65C0B81A-CC64-40B8-9507-37349A3AD809}.Debug|Any CPU.Build.0 = Debug|Any CPU
		{65C0B81A-CC64-40B8-9507-37349A3AD809}.Debug|ARM.ActiveCfg = Debug|Any CPU
		{65C0B81A-CC64-40B8-9507-37349A3AD809}.Debug|ARM.Build.0 = Debug|Any CPU
		{65C0B81A-CC64-40B8-9507-37349A3AD809}.Debug|x64.ActiveCfg = Debug|Any CPU
		{65C0B81A-CC64-40B8-9507-37349A3AD809}.Debug|x64.Build.0 = Debug|Any CPU
		{65C0B81A-CC64-40B8-9507-37349A3AD809}.Debug|x86.ActiveCfg = Debug|Any CPU
		{65C0B81A-CC64-40B8-9507-37349A3AD809}.Debug|x86.Build.0 = Debug|Any CPU
		{65C0B81A-CC64-40B8-9507-37349A3AD809}.Release|Any CPU.ActiveCfg = Release|Any CPU
		{65C0B81A-CC64-40B8-9507-37349A3AD809}.Release|Any CPU.Build.0 = Release|Any CPU
		{65C0B81A-CC64-40B8-9507-37349A3AD809}.Release|ARM.ActiveCfg = Release|Any CPU
		{65C0B81A-CC64-40B8-9507-37349A3AD809}.Release|ARM.Build.0 = Release|Any CPU
		{65C0B81A-CC64-40B8-9507-37349A3AD809}.Release|x64.ActiveCfg = Release|Any CPU
		{65C0B81A-CC64-40B8-9507-37349A3AD809}.Release|x64.Build.0 = Release|Any CPU
		{65C0B81A-CC64-40B8-9507-37349A3AD809}.Release|x86.ActiveCfg = Release|Any CPU
		{65C0B81A-CC64-40B8-9507-37349A3AD809}.Release|x86.Build.0 = Release|Any CPU
	EndGlobalSection
	GlobalSection(SolutionProperties) = preSolution
		HideSolutionNode = FALSE
	EndGlobalSection
	GlobalSection(NestedProjects) = preSolution
		{491007E9-B33D-45FE-A7A6-2C3F8D12E6B3} = {DED92DDC-CA2B-48A0-A453-28067925C449}
		{ED8A0B25-7FB7-48C7-BD5A-A2520AD5A98C} = {DED92DDC-CA2B-48A0-A453-28067925C449}
		{0FEE7315-8A66-4DAB-8723-E289961A3853} = {DED92DDC-CA2B-48A0-A453-28067925C449}
	EndGlobalSection
EndGlobal
